
Microsoft Visual Studio Solution File, Format Version 12.00
# Visual Studio Version 17
VisualStudioVersion = 17.1.32421.90
MinimumVisualStudioVersion = 10.0.40219.1
Project("{FAE04EC0-301F-11D3-BF4B-00C04F79EFBC}") = "Dolgozat_Adrian", "Dolgozat_Adrian\Dolgozat_Adrian.csproj", "{ECC70748-D1AC-4EFD-8E5F-E658CD27B90E}"
EndProject
Global
	GlobalSection(SolutionConfigurationPlatforms) = preSolution
		Debug|Any CPU = Debug|Any CPU
		Release|Any CPU = Release|Any CPU
	EndGlobalSection
	GlobalSection(ProjectConfigurationPlatforms) = postSolution
		{ECC70748-D1AC-4EFD-8E5F-E658CD27B90E}.Debug|Any CPU.ActiveCfg = Debug|Any CPU
		{ECC70748-D1AC-4EFD-8E5F-E658CD27B90E}.Debug|Any CPU.Build.0 = Debug|Any CPU
		{ECC70748-D1AC-4EFD-8E5F-E658CD27B90E}.Release|Any CPU.ActiveCfg = Release|Any CPU
		{ECC70748-D1AC-4EFD-8E5F-E658CD27B90E}.Release|Any CPU.Build.0 = Release|Any CPU
	EndGlobalSection
	GlobalSection(SolutionProperties) = preSolution
		HideSolutionNode = FALSE
	EndGlobalSection
	GlobalSection(ExtensibilityGlobals) = postSolution
		SolutionGuid = {7E45C773-36AC-444F-99E9-7B40565D9876}
	EndGlobalSection
EndGlobal
